// !$*UTF8*$!
{
	archiveVersion = 1;
	classes = {
	};
	objectVersion = 50;
	objects = {

/* Begin PBXBuildFile section */
		155483522645B47A0062111C /* booksViewCell.swift in Sources */ = {isa = PBXBuildFile; fileRef = 155483512645B47A0062111C /* booksViewCell.swift */; };
		33A3486D2649643300D36835 /* BooksViewModel.swift in Sources */ = {isa = PBXBuildFile; fileRef = 33A3486C2649643300D36835 /* BooksViewModel.swift */; };
		33D34B70264427DD0045C024 /* AppDelegate.swift in Sources */ = {isa = PBXBuildFile; fileRef = 33D34B6F264427DD0045C024 /* AppDelegate.swift */; };
		33D34B72264427DD0045C024 /* SceneDelegate.swift in Sources */ = {isa = PBXBuildFile; fileRef = 33D34B71264427DD0045C024 /* SceneDelegate.swift */; };
		33D34B74264427DD0045C024 /* ViewController.swift in Sources */ = {isa = PBXBuildFile; fileRef = 33D34B73264427DD0045C024 /* ViewController.swift */; };
		33D34B77264427DD0045C024 /* Main.storyboard in Resources */ = {isa = PBXBuildFile; fileRef = 33D34B75264427DD0045C024 /* Main.storyboard */; };
		33D34B79264427DF0045C024 /* Assets.xcassets in Resources */ = {isa = PBXBuildFile; fileRef = 33D34B78264427DF0045C024 /* Assets.xcassets */; };
		33D34B7C264427DF0045C024 /* LaunchScreen.storyboard in Resources */ = {isa = PBXBuildFile; fileRef = 33D34B7A264427DF0045C024 /* LaunchScreen.storyboard */; };
		33D34B85264428130045C024 /* NetworkManager.swift in Sources */ = {isa = PBXBuildFile; fileRef = 33D34B84264428130045C024 /* NetworkManager.swift */; };
		33D34B88264428590045C024 /* Model.swift in Sources */ = {isa = PBXBuildFile; fileRef = 33D34B87264428580045C024 /* Model.swift */; };
		BB93971B264AC50B00525D45 /* DetailViewController.swift in Sources */ = {isa = PBXBuildFile; fileRef = BB93971A264AC50B00525D45 /* DetailViewController.swift */; };
		BB93971D264AD71E00525D45 /* DetailViewModel.swift in Sources */ = {isa = PBXBuildFile; fileRef = BB93971C264AD71E00525D45 /* DetailViewModel.swift */; };
		BBEF6006264C14880089FCF0 /* DetailView.swift in Sources */ = {isa = PBXBuildFile; fileRef = BBEF6005264C14880089FCF0 /* DetailView.swift */; };
/* End PBXBuildFile section */

/* Begin PBXFileReference section */
		155483512645B47A0062111C /* booksViewCell.swift */ = {isa = PBXFileReference; lastKnownFileType = sourcecode.swift; path = booksViewCell.swift; sourceTree = "<group>"; };
		33A3486C2649643300D36835 /* BooksViewModel.swift */ = {isa = PBXFileReference; lastKnownFileType = sourcecode.swift; path = BooksViewModel.swift; sourceTree = "<group>"; };
		33D34B6C264427DD0045C024 /* BitsoChallenge.app */ = {isa = PBXFileReference; explicitFileType = wrapper.application; includeInIndex = 0; path = BitsoChallenge.app; sourceTree = BUILT_PRODUCTS_DIR; };
		33D34B6F264427DD0045C024 /* AppDelegate.swift */ = {isa = PBXFileReference; lastKnownFileType = sourcecode.swift; path = AppDelegate.swift; sourceTree = "<group>"; };
		33D34B71264427DD0045C024 /* SceneDelegate.swift */ = {isa = PBXFileReference; lastKnownFileType = sourcecode.swift; path = SceneDelegate.swift; sourceTree = "<group>"; };
		33D34B73264427DD0045C024 /* ViewController.swift */ = {isa = PBXFileReference; lastKnownFileType = sourcecode.swift; path = ViewController.swift; sourceTree = "<group>"; };
		33D34B76264427DD0045C024 /* Base */ = {isa = PBXFileReference; lastKnownFileType = file.storyboard; name = Base; path = Base.lproj/Main.storyboard; sourceTree = "<group>"; };
		33D34B78264427DF0045C024 /* Assets.xcassets */ = {isa = PBXFileReference; lastKnownFileType = folder.assetcatalog; path = Assets.xcassets; sourceTree = "<group>"; };
		33D34B7B264427DF0045C024 /* Base */ = {isa = PBXFileReference; lastKnownFileType = file.storyboard; name = Base; path = Base.lproj/LaunchScreen.storyboard; sourceTree = "<group>"; };
		33D34B7D264427DF0045C024 /* Info.plist */ = {isa = PBXFileReference; lastKnownFileType = text.plist.xml; path = Info.plist; sourceTree = "<group>"; };
		33D34B84264428130045C024 /* NetworkManager.swift */ = {isa = PBXFileReference; lastKnownFileType = sourcecode.swift; path = NetworkManager.swift; sourceTree = "<group>"; };
		33D34B87264428580045C024 /* Model.swift */ = {isa = PBXFileReference; lastKnownFileType = sourcecode.swift; path = Model.swift; sourceTree = "<group>"; };
		BB93971A264AC50B00525D45 /* DetailViewController.swift */ = {isa = PBXFileReference; lastKnownFileType = sourcecode.swift; path = DetailViewController.swift; sourceTree = "<group>"; };
		BB93971C264AD71E00525D45 /* DetailViewModel.swift */ = {isa = PBXFileReference; lastKnownFileType = sourcecode.swift; path = DetailViewModel.swift; sourceTree = "<group>"; };
		BBEF6005264C14880089FCF0 /* DetailView.swift */ = {isa = PBXFileReference; lastKnownFileType = sourcecode.swift; path = DetailView.swift; sourceTree = "<group>"; };
/* End PBXFileReference section */

/* Begin PBXFrameworksBuildPhase section */
		33D34B69264427DD0045C024 /* Frameworks */ = {
			isa = PBXFrameworksBuildPhase;
			buildActionMask = 2147483647;
			files = (
			);
			runOnlyForDeploymentPostprocessing = 0;
		};
/* End PBXFrameworksBuildPhase section */

/* Begin PBXGroup section */
		33A34877264985FC00D36835 /* View */ = {
			isa = PBXGroup;
			children = (
				155483512645B47A0062111C /* booksViewCell.swift */,
				BBEF6005264C14880089FCF0 /* DetailView.swift */,
			);
			path = View;
			sourceTree = "<group>";
		};
		33A348782649860700D36835 /* Model */ = {
			isa = PBXGroup;
			children = (
				33D34B87264428580045C024 /* Model.swift */,
			);
			path = Model;
			sourceTree = "<group>";
		};
		33A348792649861000D36835 /* ViewModel */ = {
			isa = PBXGroup;
			children = (
				33A3486C2649643300D36835 /* BooksViewModel.swift */,
				BB93971C264AD71E00525D45 /* DetailViewModel.swift */,
			);
			path = ViewModel;
			sourceTree = "<group>";
		};
		33A3487A2649863100D36835 /* Network */ = {
			isa = PBXGroup;
			children = (
				33D34B84264428130045C024 /* NetworkManager.swift */,
			);
			path = Network;
			sourceTree = "<group>";
		};
		33D34B63264427DD0045C024 = {
			isa = PBXGroup;
			children = (
				BB939719264AC4DE00525D45 /* View Controllers */,
				33D34B6E264427DD0045C024 /* BitsoChallenge */,
				33D34B6D264427DD0045C024 /* Products */,
			);
			sourceTree = "<group>";
		};
		33D34B6D264427DD0045C024 /* Products */ = {
			isa = PBXGroup;
			children = (
				33D34B6C264427DD0045C024 /* BitsoChallenge.app */,
			);
			name = Products;
			sourceTree = "<group>";
		};
		33D34B6E264427DD0045C024 /* BitsoChallenge */ = {
			isa = PBXGroup;
			children = (
				33A3487A2649863100D36835 /* Network */,
				33A348792649861000D36835 /* ViewModel */,
				33A348782649860700D36835 /* Model */,
				33A34877264985FC00D36835 /* View */,
				33D34B6F264427DD0045C024 /* AppDelegate.swift */,
				33D34B71264427DD0045C024 /* SceneDelegate.swift */,
				33D34B75264427DD0045C024 /* Main.storyboard */,
				33D34B78264427DF0045C024 /* Assets.xcassets */,
				33D34B7A264427DF0045C024 /* LaunchScreen.storyboard */,
				33D34B7D264427DF0045C024 /* Info.plist */,
			);
			path = BitsoChallenge;
			sourceTree = "<group>";
		};
		BB939719264AC4DE00525D45 /* View Controllers */ = {
			isa = PBXGroup;
			children = (
				BB93971A264AC50B00525D45 /* DetailViewController.swift */,
				33D34B73264427DD0045C024 /* ViewController.swift */,
			);
			path = "View Controllers";
			sourceTree = "<group>";
		};
/* End PBXGroup section */

/* Begin PBXNativeTarget section */
		33D34B6B264427DD0045C024 /* BitsoChallenge */ = {
			isa = PBXNativeTarget;
			buildConfigurationList = 33D34B80264427DF0045C024 /* Build configuration list for PBXNativeTarget "BitsoChallenge" */;
			buildPhases = (
				33D34B68264427DD0045C024 /* Sources */,
				33D34B69264427DD0045C024 /* Frameworks */,
				33D34B6A264427DD0045C024 /* Resources */,
			);
			buildRules = (
			);
			dependencies = (
			);
			name = BitsoChallenge;
			productName = BitsoChallenge;
			productReference = 33D34B6C264427DD0045C024 /* BitsoChallenge.app */;
			productType = "com.apple.product-type.application";
		};
/* End PBXNativeTarget section */

/* Begin PBXProject section */
		33D34B64264427DD0045C024 /* Project object */ = {
			isa = PBXProject;
			attributes = {
				LastSwiftUpdateCheck = 1240;
				LastUpgradeCheck = 1240;
				TargetAttributes = {
					33D34B6B264427DD0045C024 = {
						CreatedOnToolsVersion = 12.4;
					};
				};
			};
			buildConfigurationList = 33D34B67264427DD0045C024 /* Build configuration list for PBXProject "BitsoChallenge" */;
			compatibilityVersion = "Xcode 9.3";
			developmentRegion = en;
			hasScannedForEncodings = 0;
			knownRegions = (
				en,
				Base,
			);
			mainGroup = 33D34B63264427DD0045C024;
			productRefGroup = 33D34B6D264427DD0045C024 /* Products */;
			projectDirPath = "";
			projectRoot = "";
			targets = (
				33D34B6B264427DD0045C024 /* BitsoChallenge */,
			);
		};
/* End PBXProject section */

/* Begin PBXResourcesBuildPhase section */
		33D34B6A264427DD0045C024 /* Resources */ = {
			isa = PBXResourcesBuildPhase;
			buildActionMask = 2147483647;
			files = (
				33D34B7C264427DF0045C024 /* LaunchScreen.storyboard in Resources */,
				33D34B79264427DF0045C024 /* Assets.xcassets in Resources */,
				33D34B77264427DD0045C024 /* Main.storyboard in Resources */,
			);
			runOnlyForDeploymentPostprocessing = 0;
		};
/* End PBXResourcesBuildPhase section */

/* Begin PBXSourcesBuildPhase section */
		33D34B68264427DD0045C024 /* Sources */ = {
			isa = PBXSourcesBuildPhase;
			buildActionMask = 2147483647;
			files = (
				33D34B88264428590045C024 /* Model.swift in Sources */,
				33D34B85264428130045C024 /* NetworkManager.swift in Sources */,
				33D34B74264427DD0045C024 /* ViewController.swift in Sources */,
				BBEF6006264C14880089FCF0 /* DetailView.swift in Sources */,
				33A3486D2649643300D36835 /* BooksViewModel.swift in Sources */,
				BB93971D264AD71E00525D45 /* DetailViewModel.swift in Sources */,
				33D34B70264427DD0045C024 /* AppDelegate.swift in Sources */,
				33D34B72264427DD0045C024 /* SceneDelegate.swift in Sources */,
				155483522645B47A0062111C /* booksViewCell.swift in Sources */,
				BB93971B264AC50B00525D45 /* DetailViewController.swift in Sources */,
			);
			runOnlyForDeploymentPostprocessing = 0;
		};
/* End PBXSourcesBuildPhase section */

/* Begin PBXVariantGroup section */
		33D34B75264427DD0045C024 /* Main.storyboard */ = {
			isa = PBXVariantGroup;
			children = (
				33D34B76264427DD0045C024 /* Base */,
			);
			name = Main.storyboard;
			sourceTree = "<group>";
		};
		33D34B7A264427DF0045C024 /* LaunchScreen.storyboard */ = {
			isa = PBXVariantGroup;
			children = (
				33D34B7B264427DF0045C024 /* Base */,
			);
			name = LaunchScreen.storyboard;
			sourceTree = "<group>";
		};
/* End PBXVariantGroup section */

/* Begin XCBuildConfiguration section */
		33D34B7E264427DF0045C024 /* Debug */ = {
			isa = XCBuildConfiguration;
			buildSettings = {
				ALWAYS_SEARCH_USER_PATHS = NO;
				CLANG_ANALYZER_NONNULL = YES;
				CLANG_ANALYZER_NUMBER_OBJECT_CONVERSION = YES_AGGRESSIVE;
				CLANG_CXX_LANGUAGE_STANDARD = "gnu++14";
				CLANG_CXX_LIBRARY = "libc++";
				CLANG_ENABLE_MODULES = YES;
				CLANG_ENABLE_OBJC_ARC = YES;
				CLANG_ENABLE_OBJC_WEAK = YES;
				CLANG_WARN_BLOCK_CAPTURE_AUTORELEASING = YES;
				CLANG_WARN_BOOL_CONVERSION = YES;
				CLANG_WARN_COMMA = YES;
				CLANG_WARN_CONSTANT_CONVERSION = YES;
				CLANG_WARN_DEPRECATED_OBJC_IMPLEMENTATIONS = YES;
				CLANG_WARN_DIRECT_OBJC_ISA_USAGE = YES_ERROR;
				CLANG_WARN_DOCUMENTATION_COMMENTS = YES;
				CLANG_WARN_EMPTY_BODY = YES;
				CLANG_WARN_ENUM_CONVERSION = YES;
				CLANG_WARN_INFINITE_RECURSION = YES;
				CLANG_WARN_INT_CONVERSION = YES;
				CLANG_WARN_NON_LITERAL_NULL_CONVERSION = YES;
				CLANG_WARN_OBJC_IMPLICIT_RETAIN_SELF = YES;
				CLANG_WARN_OBJC_LITERAL_CONVERSION = YES;
				CLANG_WARN_OBJC_ROOT_CLASS = YES_ERROR;
				CLANG_WARN_QUOTED_INCLUDE_IN_FRAMEWORK_HEADER = YES;
				CLANG_WARN_RANGE_LOOP_ANALYSIS = YES;
				CLANG_WARN_STRICT_PROTOTYPES = YES;
				CLANG_WARN_SUSPICIOUS_MOVE = YES;
				CLANG_WARN_UNGUARDED_AVAILABILITY = YES_AGGRESSIVE;
				CLANG_WARN_UNREACHABLE_CODE = YES;
				CLANG_WARN__DUPLICATE_METHOD_MATCH = YES;
				COPY_PHASE_STRIP = NO;
				DEBUG_INFORMATION_FORMAT = dwarf;
				ENABLE_STRICT_OBJC_MSGSEND = YES;
				ENABLE_TESTABILITY = YES;
				GCC_C_LANGUAGE_STANDARD = gnu11;
				GCC_DYNAMIC_NO_PIC = NO;
				GCC_NO_COMMON_BLOCKS = YES;
				GCC_OPTIMIZATION_LEVEL = 0;
				GCC_PREPROCESSOR_DEFINITIONS = (
					"DEBUG=1",
					"$(inherited)",
				);
				GCC_WARN_64_TO_32_BIT_CONVERSION = YES;
				GCC_WARN_ABOUT_RETURN_TYPE = YES_ERROR;
				GCC_WARN_UNDECLARED_SELECTOR = YES;
				GCC_WARN_UNINITIALIZED_AUTOS = YES_AGGRESSIVE;
				GCC_WARN_UNUSED_FUNCTION = YES;
				GCC_WARN_UNUSED_VARIABLE = YES;
				IPHONEOS_DEPLOYMENT_TARGET = 14.4;
				MTL_ENABLE_DEBUG_INFO = INCLUDE_SOURCE;
				MTL_FAST_MATH = YES;
				ONLY_ACTIVE_ARCH = YES;
				SDKROOT = iphoneos;
				SWIFT_ACTIVE_COMPILATION_CONDITIONS = DEBUG;
				SWIFT_OPTIMIZATION_LEVEL = "-Onone";
			};
			name = Debug;
		};
		33D34B7F264427DF0045C024 /* Release */ = {
			isa = XCBuildConfiguration;
			buildSettings = {
				ALWAYS_SEARCH_USER_PATHS = NO;
				CLANG_ANALYZER_NONNULL = YES;
				CLANG_ANALYZER_NUMBER_OBJECT_CONVERSION = YES_AGGRESSIVE;
				CLANG_CXX_LANGUAGE_STANDARD = "gnu++14";
				CLANG_CXX_LIBRARY = "libc++";
				CLANG_ENABLE_MODULES = YES;
				CLANG_ENABLE_OBJC_ARC = YES;
				CLANG_ENABLE_OBJC_WEAK = YES;
				CLANG_WARN_BLOCK_CAPTURE_AUTORELEASING = YES;
				CLANG_WARN_BOOL_CONVERSION = YES;
				CLANG_WARN_COMMA = YES;
				CLANG_WARN_CONSTANT_CONVERSION = YES;
				CLANG_WARN_DEPRECATED_OBJC_IMPLEMENTATIONS = YES;
				CLANG_WARN_DIRECT_OBJC_ISA_USAGE = YES_ERROR;
				CLANG_WARN_DOCUMENTATION_COMMENTS = YES;
				CLANG_WARN_EMPTY_BODY = YES;
				CLANG_WARN_ENUM_CONVERSION = YES;
				CLANG_WARN_INFINITE_RECURSION = YES;
				CLANG_WARN_INT_CONVERSION = YES;
				CLANG_WARN_NON_LITERAL_NULL_CONVERSION = YES;
				CLANG_WARN_OBJC_IMPLICIT_RETAIN_SELF = YES;
				CLANG_WARN_OBJC_LITERAL_CONVERSION = YES;
				CLANG_WARN_OBJC_ROOT_CLASS = YES_ERROR;
				CLANG_WARN_QUOTED_INCLUDE_IN_FRAMEWORK_HEADER = YES;
				CLANG_WARN_RANGE_LOOP_ANALYSIS = YES;
				CLANG_WARN_STRICT_PROTOTYPES = YES;
				CLANG_WARN_SUSPICIOUS_MOVE = YES;
				CLANG_WARN_UNGUARDED_AVAILABILITY = YES_AGGRESSIVE;
				CLANG_WARN_UNREACHABLE_CODE = YES;
				CLANG_WARN__DUPLICATE_METHOD_MATCH = YES;
				COPY_PHASE_STRIP = NO;
				DEBUG_INFORMATION_FORMAT = "dwarf-with-dsym";
				ENABLE_NS_ASSERTIONS = NO;
				ENABLE_STRICT_OBJC_MSGSEND = YES;
				GCC_C_LANGUAGE_STANDARD = gnu11;
				GCC_NO_COMMON_BLOCKS = YES;
				GCC_WARN_64_TO_32_BIT_CONVERSION = YES;
				GCC_WARN_ABOUT_RETURN_TYPE = YES_ERROR;
				GCC_WARN_UNDECLARED_SELECTOR = YES;
				GCC_WARN_UNINITIALIZED_AUTOS = YES_AGGRESSIVE;
				GCC_WARN_UNUSED_FUNCTION = YES;
				GCC_WARN_UNUSED_VARIABLE = YES;
				IPHONEOS_DEPLOYMENT_TARGET = 14.4;
				MTL_ENABLE_DEBUG_INFO = NO;
				MTL_FAST_MATH = YES;
				SDKROOT = iphoneos;
				SWIFT_COMPILATION_MODE = wholemodule;
				SWIFT_OPTIMIZATION_LEVEL = "-O";
				VALIDATE_PRODUCT = YES;
			};
			name = Release;
		};
		33D34B81264427DF0045C024 /* Debug */ = {
			isa = XCBuildConfiguration;
			buildSettings = {
				ASSETCATALOG_COMPILER_APPICON_NAME = AppIcon;
				ASSETCATALOG_COMPILER_GLOBAL_ACCENT_COLOR_NAME = AccentColor;
				CODE_SIGN_STYLE = Automatic;
				DEVELOPMENT_TEAM = Z7FX3P5JFP;
				INFOPLIST_FILE = BitsoChallenge/Info.plist;
				LD_RUNPATH_SEARCH_PATHS = (
					"$(inherited)",
					"@executable_path/Frameworks",
				);
				PRODUCT_BUNDLE_IDENTIFIER = com.crypto.BitsoChallenge;
				PRODUCT_NAME = "$(TARGET_NAME)";
				SWIFT_VERSION = 5.0;
				TARGETED_DEVICE_FAMILY = "1,2";
			};
			name = Debug;
		};
		33D34B82264427DF0045C024 /* Release */ = {
			isa = XCBuildConfiguration;
			buildSettings = {
				ASSETCATALOG_COMPILER_APPICON_NAME = AppIcon;
				ASSETCATALOG_COMPILER_GLOBAL_ACCENT_COLOR_NAME = AccentColor;
				CODE_SIGN_STYLE = Automatic;
				DEVELOPMENT_TEAM = Z7FX3P5JFP;
				INFOPLIST_FILE = BitsoChallenge/Info.plist;
				LD_RUNPATH_SEARCH_PATHS = (
					"$(inherited)",
					"@executable_path/Frameworks",
				);
				PRODUCT_BUNDLE_IDENTIFIER = com.crypto.BitsoChallenge;
				PRODUCT_NAME = "$(TARGET_NAME)";
				SWIFT_VERSION = 5.0;
				TARGETED_DEVICE_FAMILY = "1,2";
			};
			name = Release;
		};
/* End XCBuildConfiguration section */

/* Begin XCConfigurationList section */
		33D34B67264427DD0045C024 /* Build configuration list for PBXProject "BitsoChallenge" */ = {
			isa = XCConfigurationList;
			buildConfigurations = (
				33D34B7E264427DF0045C024 /* Debug */,
				33D34B7F264427DF0045C024 /* Release */,
			);
			defaultConfigurationIsVisible = 0;
			defaultConfigurationName = Release;
		};
		33D34B80264427DF0045C024 /* Build configuration list for PBXNativeTarget "BitsoChallenge" */ = {
			isa = XCConfigurationList;
			buildConfigurations = (
				33D34B81264427DF0045C024 /* Debug */,
				33D34B82264427DF0045C024 /* Release */,
			);
			defaultConfigurationIsVisible = 0;
			defaultConfigurationName = Release;
		};
/* End XCConfigurationList section */
	};
	rootObject = 33D34B64264427DD0045C024 /* Project object */;
}
